
Microsoft Visual Studio Solution File, Format Version 12.00
# Visual Studio 2012
Project("{FAE04EC0-301F-11D3-BF4B-00C04F79EFBC}") = "Registar", "Registar\Registar.csproj", "{325E6C82-B083-492F-AD7F-802F19EA566E}"
EndProject
Project("{FAE04EC0-301F-11D3-BF4B-00C04F79EFBC}") = "Registar.Tests", "Registar.Tests\Registar.Tests.csproj", "{B77910E4-F634-4ED7-9A70-57B2FDED018C}"
EndProject
Project("{2150E333-8FDC-42A3-9474-1A3956D46DE8}") = "PL", "PL", "{4FC089FA-7CB5-46AB-BDC9-1123880A6A84}"
EndProject
Project("{2150E333-8FDC-42A3-9474-1A3956D46DE8}") = "BL", "BL", "{26A230F8-6074-43EC-ACFC-B08426B2A3DE}"
EndProject
Project("{2150E333-8FDC-42A3-9474-1A3956D46DE8}") = "DL", "DL", "{8AA5BE35-173C-4615-A982-2D662E760DBA}"
EndProject
Project("{FAE04EC0-301F-11D3-BF4B-00C04F79EFBC}") = "Registar.BusinessLayer", "Registar.BusinessLayer\Registar.BusinessLayer.csproj", "{173D84D5-E811-42DC-814C-E230C87BF5E5}"
EndProject
Project("{FAE04EC0-301F-11D3-BF4B-00C04F79EFBC}") = "Registar.DataLayer", "Registar.DataLayer\Registar.DataLayer.csproj", "{D46D8021-023F-49EF-B782-266B66BEF3F1}"
EndProject
Project("{2150E333-8FDC-42A3-9474-1A3956D46DE8}") = "Common", "Common", "{B29DAAEB-35C4-4A7D-91DC-852BBC3C048F}"
EndProject
Project("{FAE04EC0-301F-11D3-BF4B-00C04F79EFBC}") = "Registar.DomainModel", "Registar.DomainModel\Registar.DomainModel.csproj", "{73BB7875-CE89-4C1F-85A7-9168AD4970DC}"
EndProject
Project("{FAE04EC0-301F-11D3-BF4B-00C04F79EFBC}") = "Registar.Repository", "Registart.Repository\Registar.Repository.csproj", "{8DABBC68-1631-466A-8EE6-54448FAD8C3A}"
EndProject
Project("{FAE04EC0-301F-11D3-BF4B-00C04F79EFBC}") = "Registar.Common", "Registar.Common\Registar.Common.csproj", "{1D3544A5-33A2-46AD-AA73-11DFA5D27D57}"
EndProject
Global
	GlobalSection(SolutionConfigurationPlatforms) = preSolution
		Debug|Any CPU = Debug|Any CPU
		Release|Any CPU = Release|Any CPU
	EndGlobalSection
	GlobalSection(ProjectConfigurationPlatforms) = postSolution
		{325E6C82-B083-492F-AD7F-802F19EA566E}.Debug|Any CPU.ActiveCfg = Debug|Any CPU
		{325E6C82-B083-492F-AD7F-802F19EA566E}.Debug|Any CPU.Build.0 = Debug|Any CPU
		{325E6C82-B083-492F-AD7F-802F19EA566E}.Release|Any CPU.ActiveCfg = Release|Any CPU
		{325E6C82-B083-492F-AD7F-802F19EA566E}.Release|Any CPU.Build.0 = Release|Any CPU
		{B77910E4-F634-4ED7-9A70-57B2FDED018C}.Debug|Any CPU.ActiveCfg = Debug|Any CPU
		{B77910E4-F634-4ED7-9A70-57B2FDED018C}.Debug|Any CPU.Build.0 = Debug|Any CPU
		{B77910E4-F634-4ED7-9A70-57B2FDED018C}.Release|Any CPU.ActiveCfg = Release|Any CPU
		{B77910E4-F634-4ED7-9A70-57B2FDED018C}.Release|Any CPU.Build.0 = Release|Any CPU
		{173D84D5-E811-42DC-814C-E230C87BF5E5}.Debug|Any CPU.ActiveCfg = Debug|Any CPU
		{173D84D5-E811-42DC-814C-E230C87BF5E5}.Debug|Any CPU.Build.0 = Debug|Any CPU
		{173D84D5-E811-42DC-814C-E230C87BF5E5}.Release|Any CPU.ActiveCfg = Release|Any CPU
		{173D84D5-E811-42DC-814C-E230C87BF5E5}.Release|Any CPU.Build.0 = Release|Any CPU
		{D46D8021-023F-49EF-B782-266B66BEF3F1}.Debug|Any CPU.ActiveCfg = Debug|Any CPU
		{D46D8021-023F-49EF-B782-266B66BEF3F1}.Debug|Any CPU.Build.0 = Debug|Any CPU
		{D46D8021-023F-49EF-B782-266B66BEF3F1}.Release|Any CPU.ActiveCfg = Release|Any CPU
		{D46D8021-023F-49EF-B782-266B66BEF3F1}.Release|Any CPU.Build.0 = Release|Any CPU
		{73BB7875-CE89-4C1F-85A7-9168AD4970DC}.Debug|Any CPU.ActiveCfg = Debug|Any CPU
		{73BB7875-CE89-4C1F-85A7-9168AD4970DC}.Debug|Any CPU.Build.0 = Debug|Any CPU
		{73BB7875-CE89-4C1F-85A7-9168AD4970DC}.Release|Any CPU.ActiveCfg = Release|Any CPU
		{73BB7875-CE89-4C1F-85A7-9168AD4970DC}.Release|Any CPU.Build.0 = Release|Any CPU
		{8DABBC68-1631-466A-8EE6-54448FAD8C3A}.Debug|Any CPU.ActiveCfg = Debug|Any CPU
		{8DABBC68-1631-466A-8EE6-54448FAD8C3A}.Debug|Any CPU.Build.0 = Debug|Any CPU
		{8DABBC68-1631-466A-8EE6-54448FAD8C3A}.Release|Any CPU.ActiveCfg = Release|Any CPU
		{8DABBC68-1631-466A-8EE6-54448FAD8C3A}.Release|Any CPU.Build.0 = Release|Any CPU
		{1D3544A5-33A2-46AD-AA73-11DFA5D27D57}.Debug|Any CPU.ActiveCfg = Debug|Any CPU
		{1D3544A5-33A2-46AD-AA73-11DFA5D27D57}.Debug|Any CPU.Build.0 = Debug|Any CPU
		{1D3544A5-33A2-46AD-AA73-11DFA5D27D57}.Release|Any CPU.ActiveCfg = Release|Any CPU
		{1D3544A5-33A2-46AD-AA73-11DFA5D27D57}.Release|Any CPU.Build.0 = Release|Any CPU
	EndGlobalSection
	GlobalSection(SolutionProperties) = preSolution
		HideSolutionNode = FALSE
	EndGlobalSection
	GlobalSection(NestedProjects) = preSolution
		{B77910E4-F634-4ED7-9A70-57B2FDED018C} = {4FC089FA-7CB5-46AB-BDC9-1123880A6A84}
		{325E6C82-B083-492F-AD7F-802F19EA566E} = {4FC089FA-7CB5-46AB-BDC9-1123880A6A84}
		{173D84D5-E811-42DC-814C-E230C87BF5E5} = {26A230F8-6074-43EC-ACFC-B08426B2A3DE}
		{D46D8021-023F-49EF-B782-266B66BEF3F1} = {8AA5BE35-173C-4615-A982-2D662E760DBA}
		{8DABBC68-1631-466A-8EE6-54448FAD8C3A} = {8AA5BE35-173C-4615-A982-2D662E760DBA}
		{73BB7875-CE89-4C1F-85A7-9168AD4970DC} = {B29DAAEB-35C4-4A7D-91DC-852BBC3C048F}
		{1D3544A5-33A2-46AD-AA73-11DFA5D27D57} = {B29DAAEB-35C4-4A7D-91DC-852BBC3C048F}
	EndGlobalSection
EndGlobal
